PODS:
  - PagingMenuController (1.1.2)

DEPENDENCIES:
  - PagingMenuController (from `../`)

EXTERNAL SOURCES:
  PagingMenuController:
    :path: "../"

SPEC CHECKSUMS:
  PagingMenuController: a47a9669760b95f630cc3ef28bdce104f9107d14

PODFILE CHECKSUM: feeaab97b60472ba8dc5311a64901870d343601f

COCOAPODS: 1.1.0.rc.2
