PODS:
  - PagingMenuController (2.2.0)

DEPENDENCIES:
  - PagingMenuController (from `../`)

EXTERNAL SOURCES:
  PagingMenuController:
    :path: "../"

SPEC CHECKSUMS:
  PagingMenuController: acdb8e0ff7f977182b0586656d19ba1d992390a6

PODFILE CHECKSUM: ad8a39de8cc58c1b803b2e2b316ca0de8adca12c

COCOAPODS: 1.1.1
