PODS:
  - PagingMenuController (0.10.0)

DEPENDENCIES:
  - PagingMenuController (from `../`)

EXTERNAL SOURCES:
  PagingMenuController:
    :path: ../

SPEC CHECKSUMS:
  PagingMenuController: 79981dee770ff88d7e978f0c3677d3e0ee74d47d

PODFILE CHECKSUM: cff282d16cb43e88d796ea85c4312583901cb7d7

COCOAPODS: 1.0.0
