// !$*UTF8*$!
{
	archiveVersion = 1;
	classes = {
	};
	objectVersion = 46;
	objects = {

/* Begin PBXBuildFile section */
		EC202B4F1D0C54D100D527D2 /* GestureHandler.swift in Sources */ = {isa = PBXBuildFile; fileRef = EC202B441D0C54D100D527D2 /* GestureHandler.swift */; };
		EC202B501D0C54D100D527D2 /* LabelSizeCalculatable.swift in Sources */ = {isa = PBXBuildFile; fileRef = EC202B451D0C54D100D527D2 /* LabelSizeCalculatable.swift */; };
		EC202B511D0C54D100D527D2 /* MenuItemMultipliable.swift in Sources */ = {isa = PBXBuildFile; fileRef = EC202B461D0C54D100D527D2 /* MenuItemMultipliable.swift */; };
		EC202B521D0C54D100D527D2 /* MenuItemViewCustomizable.swift in Sources */ = {isa = PBXBuildFile; fileRef = EC202B471D0C54D100D527D2 /* MenuItemViewCustomizable.swift */; };
		EC202B531D0C54D100D527D2 /* MenuViewCustomizable.swift in Sources */ = {isa = PBXBuildFile; fileRef = EC202B481D0C54D100D527D2 /* MenuViewCustomizable.swift */; };
		EC202B541D0C54D100D527D2 /* Pagable.swift in Sources */ = {isa = PBXBuildFile; fileRef = EC202B491D0C54D100D527D2 /* Pagable.swift */; };
		EC202B551D0C54D100D527D2 /* PageDetectable.swift in Sources */ = {isa = PBXBuildFile; fileRef = EC202B4A1D0C54D100D527D2 /* PageDetectable.swift */; };
		EC202B561D0C54D100D527D2 /* PageLoadable.swift in Sources */ = {isa = PBXBuildFile; fileRef = EC202B4B1D0C54D100D527D2 /* PageLoadable.swift */; };
		EC202B571D0C54D100D527D2 /* PagingMenuControllerCustomizable.swift in Sources */ = {isa = PBXBuildFile; fileRef = EC202B4C1D0C54D100D527D2 /* PagingMenuControllerCustomizable.swift */; };
		EC202B581D0C54D100D527D2 /* PagingValidator.swift in Sources */ = {isa = PBXBuildFile; fileRef = EC202B4D1D0C54D100D527D2 /* PagingValidator.swift */; };
		EC202B591D0C54D100D527D2 /* ViewCleanable.swift in Sources */ = {isa = PBXBuildFile; fileRef = EC202B4E1D0C54D100D527D2 /* ViewCleanable.swift */; };
		ECA2108A1D054879006AA684 /* PagingViewController.swift in Sources */ = {isa = PBXBuildFile; fileRef = ECA210891D054879006AA684 /* PagingViewController.swift */; };
		ECE5306D1B6DEB18001CF201 /* PagingMenuController.h in Headers */ = {isa = PBXBuildFile; fileRef = ECE5306C1B6DEB18001CF201 /* PagingMenuController.h */; settings = {ATTRIBUTES = (Public, ); }; };
		ECE530871B6DEB68001CF201 /* MenuItemView.swift in Sources */ = {isa = PBXBuildFile; fileRef = ECE530831B6DEB68001CF201 /* MenuItemView.swift */; };
		ECE530881B6DEB68001CF201 /* MenuView.swift in Sources */ = {isa = PBXBuildFile; fileRef = ECE530841B6DEB68001CF201 /* MenuView.swift */; };
		ECE530891B6DEB68001CF201 /* PagingMenuController.swift in Sources */ = {isa = PBXBuildFile; fileRef = ECE530851B6DEB68001CF201 /* PagingMenuController.swift */; };
/* End PBXBuildFile section */

/* Begin PBXFileReference section */
		EC202B441D0C54D100D527D2 /* GestureHandler.swift */ = {isa = PBXFileReference; fileEncoding = 4; lastKnownFileType = sourcecode.swift; path = GestureHandler.swift; sourceTree = "<group>"; };
		EC202B451D0C54D100D527D2 /* LabelSizeCalculatable.swift */ = {isa = PBXFileReference; fileEncoding = 4; lastKnownFileType = sourcecode.swift; path = LabelSizeCalculatable.swift; sourceTree = "<group>"; };
		EC202B461D0C54D100D527D2 /* MenuItemMultipliable.swift */ = {isa = PBXFileReference; fileEncoding = 4; lastKnownFileType = sourcecode.swift; path = MenuItemMultipliable.swift; sourceTree = "<group>"; };
		EC202B471D0C54D100D527D2 /* MenuItemViewCustomizable.swift */ = {isa = PBXFileReference; fileEncoding = 4; lastKnownFileType = sourcecode.swift; path = MenuItemViewCustomizable.swift; sourceTree = "<group>"; };
		EC202B481D0C54D100D527D2 /* MenuViewCustomizable.swift */ = {isa = PBXFileReference; fileEncoding = 4; lastKnownFileType = sourcecode.swift; path = MenuViewCustomizable.swift; sourceTree = "<group>"; };
		EC202B491D0C54D100D527D2 /* Pagable.swift */ = {isa = PBXFileReference; fileEncoding = 4; lastKnownFileType = sourcecode.swift; path = Pagable.swift; sourceTree = "<group>"; };
		EC202B4A1D0C54D100D527D2 /* PageDetectable.swift */ = {isa = PBXFileReference; fileEncoding = 4; lastKnownFileType = sourcecode.swift; path = PageDetectable.swift; sourceTree = "<group>"; };
		EC202B4B1D0C54D100D527D2 /* PageLoadable.swift */ = {isa = PBXFileReference; fileEncoding = 4; lastKnownFileType = sourcecode.swift; path = PageLoadable.swift; sourceTree = "<group>"; };
		EC202B4C1D0C54D100D527D2 /* PagingMenuControllerCustomizable.swift */ = {isa = PBXFileReference; fileEncoding = 4; lastKnownFileType = sourcecode.swift; path = PagingMenuControllerCustomizable.swift; sourceTree = "<group>"; };
		EC202B4D1D0C54D100D527D2 /* PagingValidator.swift */ = {isa = PBXFileReference; fileEncoding = 4; lastKnownFileType = sourcecode.swift; path = PagingValidator.swift; sourceTree = "<group>"; };
		EC202B4E1D0C54D100D527D2 /* ViewCleanable.swift */ = {isa = PBXFileReference; fileEncoding = 4; lastKnownFileType = sourcecode.swift; path = ViewCleanable.swift; sourceTree = "<group>"; };
		ECA210891D054879006AA684 /* PagingViewController.swift */ = {isa = PBXFileReference; fileEncoding = 4; lastKnownFileType = sourcecode.swift; name = PagingViewController.swift; path = Pod/Classes/PagingViewController.swift; sourceTree = SOURCE_ROOT; };
		ECE530671B6DEB18001CF201 /* PagingMenuController.framework */ = {isa = PBXFileReference; explicitFileType = wrapper.framework; includeInIndex = 0; path = PagingMenuController.framework; sourceTree = BUILT_PRODUCTS_DIR; };
		ECE5306B1B6DEB18001CF201 /* Info.plist */ = {isa = PBXFileReference; lastKnownFileType = text.plist.xml; path = Info.plist; sourceTree = "<group>"; };
		ECE5306C1B6DEB18001CF201 /* PagingMenuController.h */ = {isa = PBXFileReference; lastKnownFileType = sourcecode.c.h; path = PagingMenuController.h; sourceTree = "<group>"; };
		ECE530831B6DEB68001CF201 /* MenuItemView.swift */ = {isa = PBXFileReference; fileEncoding = 4; lastKnownFileType = sourcecode.swift; name = MenuItemView.swift; path = Pod/Classes/MenuItemView.swift; sourceTree = SOURCE_ROOT; };
		ECE530841B6DEB68001CF201 /* MenuView.swift */ = {isa = PBXFileReference; fileEncoding = 4; lastKnownFileType = sourcecode.swift; name = MenuView.swift; path = Pod/Classes/MenuView.swift; sourceTree = SOURCE_ROOT; };
		ECE530851B6DEB68001CF201 /* PagingMenuController.swift */ = {isa = PBXFileReference; fileEncoding = 4; lastKnownFileType = sourcecode.swift; name = PagingMenuController.swift; path = Pod/Classes/PagingMenuController.swift; sourceTree = SOURCE_ROOT; };
/* End PBXFileReference section */

/* Begin PBXFrameworksBuildPhase section */
		ECE530631B6DEB18001CF201 /* Frameworks */ = {
			isa = PBXFrameworksBuildPhase;
			buildActionMask = 2147483647;
			files = (
			);
			runOnlyForDeploymentPostprocessing = 0;
		};
/* End PBXFrameworksBuildPhase section */

/* Begin PBXGroup section */
		EC202B431D0C54D100D527D2 /* Protocols */ = {
			isa = PBXGroup;
			children = (
				EC202B441D0C54D100D527D2 /* GestureHandler.swift */,
				EC202B451D0C54D100D527D2 /* LabelSizeCalculatable.swift */,
				EC202B461D0C54D100D527D2 /* MenuItemMultipliable.swift */,
				EC202B471D0C54D100D527D2 /* MenuItemViewCustomizable.swift */,
				EC202B481D0C54D100D527D2 /* MenuViewCustomizable.swift */,
				EC202B491D0C54D100D527D2 /* Pagable.swift */,
				EC202B4A1D0C54D100D527D2 /* PageDetectable.swift */,
				EC202B4B1D0C54D100D527D2 /* PageLoadable.swift */,
				EC202B4C1D0C54D100D527D2 /* PagingMenuControllerCustomizable.swift */,
				EC202B4D1D0C54D100D527D2 /* PagingValidator.swift */,
				EC202B4E1D0C54D100D527D2 /* ViewCleanable.swift */,
			);
			name = Protocols;
			path = Pod/Classes/Protocols;
			sourceTree = SOURCE_ROOT;
		};
		ECE5305D1B6DEB18001CF201 = {
			isa = PBXGroup;
			children = (
				ECE530691B6DEB18001CF201 /* PagingMenuController */,
				ECE530681B6DEB18001CF201 /* Products */,
			);
			sourceTree = "<group>";
		};
		ECE530681B6DEB18001CF201 /* Products */ = {
			isa = PBXGroup;
			children = (
				ECE530671B6DEB18001CF201 /* PagingMenuController.framework */,
			);
			name = Products;
			sourceTree = "<group>";
		};
		ECE530691B6DEB18001CF201 /* PagingMenuController */ = {
			isa = PBXGroup;
			children = (
				EC202B431D0C54D100D527D2 /* Protocols */,
				ECE530831B6DEB68001CF201 /* MenuItemView.swift */,
				ECE530841B6DEB68001CF201 /* MenuView.swift */,
				ECE530851B6DEB68001CF201 /* PagingMenuController.swift */,
				ECA210891D054879006AA684 /* PagingViewController.swift */,
				ECE5306C1B6DEB18001CF201 /* PagingMenuController.h */,
				ECE5306A1B6DEB18001CF201 /* Supporting Files */,
			);
			path = PagingMenuController;
			sourceTree = "<group>";
		};
		ECE5306A1B6DEB18001CF201 /* Supporting Files */ = {
			isa = PBXGroup;
			children = (
				ECE5306B1B6DEB18001CF201 /* Info.plist */,
			);
			name = "Supporting Files";
			sourceTree = "<group>";
		};
/* End PBXGroup section */

/* Begin PBXHeadersBuildPhase section */
		ECE530641B6DEB18001CF201 /* Headers */ = {
			isa = PBXHeadersBuildPhase;
			buildActionMask = 2147483647;
			files = (
				ECE5306D1B6DEB18001CF201 /* PagingMenuController.h in Headers */,
			);
			runOnlyForDeploymentPostprocessing = 0;
		};
/* End PBXHeadersBuildPhase section */

/* Begin PBXNativeTarget section */
		ECE530661B6DEB18001CF201 /* PagingMenuController */ = {
			isa = PBXNativeTarget;
			buildConfigurationList = ECE5307D1B6DEB18001CF201 /* Build configuration list for PBXNativeTarget "PagingMenuController" */;
			buildPhases = (
				ECE530621B6DEB18001CF201 /* Sources */,
				ECE530631B6DEB18001CF201 /* Frameworks */,
				ECE530641B6DEB18001CF201 /* Headers */,
				ECE530651B6DEB18001CF201 /* Resources */,
			);
			buildRules = (
			);
			dependencies = (
			);
			name = PagingMenuController;
			productName = PagingMenuController;
			productReference = ECE530671B6DEB18001CF201 /* PagingMenuController.framework */;
			productType = "com.apple.product-type.framework";
		};
/* End PBXNativeTarget section */

/* Begin PBXProject section */
		ECE5305E1B6DEB18001CF201 /* Project object */ = {
			isa = PBXProject;
			attributes = {
				LastSwiftUpdateCheck = 0700;
				LastUpgradeCheck = 0640;
				ORGANIZATIONNAME = kitasuke;
				TargetAttributes = {
					ECE530661B6DEB18001CF201 = {
						CreatedOnToolsVersion = 6.4;
					};
				};
			};
			buildConfigurationList = ECE530611B6DEB18001CF201 /* Build configuration list for PBXProject "PagingMenuController" */;
			compatibilityVersion = "Xcode 3.2";
			developmentRegion = English;
			hasScannedForEncodings = 0;
			knownRegions = (
				en,
			);
			mainGroup = ECE5305D1B6DEB18001CF201;
			productRefGroup = ECE530681B6DEB18001CF201 /* Products */;
			projectDirPath = "";
			projectRoot = "";
			targets = (
				ECE530661B6DEB18001CF201 /* PagingMenuController */,
			);
		};
/* End PBXProject section */

/* Begin PBXResourcesBuildPhase section */
		ECE530651B6DEB18001CF201 /* Resources */ = {
			isa = PBXResourcesBuildPhase;
			buildActionMask = 2147483647;
			files = (
			);
			runOnlyForDeploymentPostprocessing = 0;
		};
/* End PBXResourcesBuildPhase section */

/* Begin PBXSourcesBuildPhase section */
		ECE530621B6DEB18001CF201 /* Sources */ = {
			isa = PBXSourcesBuildPhase;
			buildActionMask = 2147483647;
			files = (
				EC202B541D0C54D100D527D2 /* Pagable.swift in Sources */,
				EC202B531D0C54D100D527D2 /* MenuViewCustomizable.swift in Sources */,
				EC202B511D0C54D100D527D2 /* MenuItemMultipliable.swift in Sources */,
				EC202B501D0C54D100D527D2 /* LabelSizeCalculatable.swift in Sources */,
				EC202B521D0C54D100D527D2 /* MenuItemViewCustomizable.swift in Sources */,
				ECA2108A1D054879006AA684 /* PagingViewController.swift in Sources */,
				EC202B591D0C54D100D527D2 /* ViewCleanable.swift in Sources */,
				ECE530871B6DEB68001CF201 /* MenuItemView.swift in Sources */,
				EC202B551D0C54D100D527D2 /* PageDetectable.swift in Sources */,
				ECE530891B6DEB68001CF201 /* PagingMenuController.swift in Sources */,
				ECE530881B6DEB68001CF201 /* MenuView.swift in Sources */,
				EC202B581D0C54D100D527D2 /* PagingValidator.swift in Sources */,
				EC202B561D0C54D100D527D2 /* PageLoadable.swift in Sources */,
				EC202B571D0C54D100D527D2 /* PagingMenuControllerCustomizable.swift in Sources */,
				EC202B4F1D0C54D100D527D2 /* GestureHandler.swift in Sources */,
			);
			runOnlyForDeploymentPostprocessing = 0;
		};
/* End PBXSourcesBuildPhase section */

/* Begin XCBuildConfiguration section */
		ECE5307B1B6DEB18001CF201 /* Debug */ = {
			isa = XCBuildConfiguration;
			buildSettings = {
				ALWAYS_SEARCH_USER_PATHS = NO;
				CLANG_CXX_LANGUAGE_STANDARD = "gnu++0x";
				CLANG_CXX_LIBRARY = "libc++";
				CLANG_ENABLE_MODULES = YES;
				CLANG_ENABLE_OBJC_ARC = YES;
				CLANG_WARN_BOOL_CONVERSION = YES;
				CLANG_WARN_CONSTANT_CONVERSION = YES;
				CLANG_WARN_DIRECT_OBJC_ISA_USAGE = YES_ERROR;
				CLANG_WARN_EMPTY_BODY = YES;
				CLANG_WARN_ENUM_CONVERSION = YES;
				CLANG_WARN_INT_CONVERSION = YES;
				CLANG_WARN_OBJC_ROOT_CLASS = YES_ERROR;
				CLANG_WARN_UNREACHABLE_CODE = YES;
				CLANG_WARN__DUPLICATE_METHOD_MATCH = YES;
				"CODE_SIGN_IDENTITY[sdk=iphoneos*]" = "iPhone Developer";
				COPY_PHASE_STRIP = NO;
				CURRENT_PROJECT_VERSION = 1;
				DEBUG_INFORMATION_FORMAT = "dwarf-with-dsym";
				ENABLE_STRICT_OBJC_MSGSEND = YES;
				GCC_C_LANGUAGE_STANDARD = gnu99;
				GCC_DYNAMIC_NO_PIC = NO;
				GCC_NO_COMMON_BLOCKS = YES;
				GCC_OPTIMIZATION_LEVEL = 0;
				GCC_PREPROCESSOR_DEFINITIONS = (
					"DEBUG=1",
					"$(inherited)",
				);
				GCC_SYMBOLS_PRIVATE_EXTERN = NO;
				GCC_WARN_64_TO_32_BIT_CONVERSION = YES;
				GCC_WARN_ABOUT_RETURN_TYPE = YES_ERROR;
				GCC_WARN_UNDECLARED_SELECTOR = YES;
				GCC_WARN_UNINITIALIZED_AUTOS = YES_AGGRESSIVE;
				GCC_WARN_UNUSED_FUNCTION = YES;
				GCC_WARN_UNUSED_VARIABLE = YES;
				IPHONEOS_DEPLOYMENT_TARGET = 9.0;
				MTL_ENABLE_DEBUG_INFO = YES;
				ONLY_ACTIVE_ARCH = YES;
				SDKROOT = iphoneos;
				SWIFT_OPTIMIZATION_LEVEL = "-Onone";
				SWIFT_VERSION = 3.0;
				TARGETED_DEVICE_FAMILY = "1,2";
				VERSIONING_SYSTEM = "apple-generic";
				VERSION_INFO_PREFIX = "";
			};
			name = Debug;
		};
		ECE5307C1B6DEB18001CF201 /* Release */ = {
			isa = XCBuildConfiguration;
			buildSettings = {
				ALWAYS_SEARCH_USER_PATHS = NO;
				CLANG_CXX_LANGUAGE_STANDARD = "gnu++0x";
				CLANG_CXX_LIBRARY = "libc++";
				CLANG_ENABLE_MODULES = YES;
				CLANG_ENABLE_OBJC_ARC = YES;
				CLANG_WARN_BOOL_CONVERSION = YES;
				CLANG_WARN_CONSTANT_CONVERSION = YES;
				CLANG_WARN_DIRECT_OBJC_ISA_USAGE = YES_ERROR;
				CLANG_WARN_EMPTY_BODY = YES;
				CLANG_WARN_ENUM_CONVERSION = YES;
				CLANG_WARN_INT_CONVERSION = YES;
				CLANG_WARN_OBJC_ROOT_CLASS = YES_ERROR;
				CLANG_WARN_UNREACHABLE_CODE = YES;
				CLANG_WARN__DUPLICATE_METHOD_MATCH = YES;
				"CODE_SIGN_IDENTITY[sdk=iphoneos*]" = "iPhone Developer";
				COPY_PHASE_STRIP = NO;
				CURRENT_PROJECT_VERSION = 1;
				DEBUG_INFORMATION_FORMAT = "dwarf-with-dsym";
				ENABLE_NS_ASSERTIONS = NO;
				ENABLE_STRICT_OBJC_MSGSEND = YES;
				GCC_C_LANGUAGE_STANDARD = gnu99;
				GCC_NO_COMMON_BLOCKS = YES;
				GCC_WARN_64_TO_32_BIT_CONVERSION = YES;
				GCC_WARN_ABOUT_RETURN_TYPE = YES_ERROR;
				GCC_WARN_UNDECLARED_SELECTOR = YES;
				GCC_WARN_UNINITIALIZED_AUTOS = YES_AGGRESSIVE;
				GCC_WARN_UNUSED_FUNCTION = YES;
				GCC_WARN_UNUSED_VARIABLE = YES;
				IPHONEOS_DEPLOYMENT_TARGET = 9.0;
				MTL_ENABLE_DEBUG_INFO = NO;
				SDKROOT = iphoneos;
				SWIFT_VERSION = 3.0;
				TARGETED_DEVICE_FAMILY = "1,2";
				VALIDATE_PRODUCT = YES;
				VERSIONING_SYSTEM = "apple-generic";
				VERSION_INFO_PREFIX = "";
			};
			name = Release;
		};
		ECE5307E1B6DEB18001CF201 /* Debug */ = {
			isa = XCBuildConfiguration;
			buildSettings = {
				CLANG_ENABLE_MODULES = YES;
				DEFINES_MODULE = YES;
				DYLIB_COMPATIBILITY_VERSION = 1;
				DYLIB_CURRENT_VERSION = 1;
				DYLIB_INSTALL_NAME_BASE = "@rpath";
				INFOPLIST_FILE = PagingMenuController/Info.plist;
				INSTALL_PATH = "$(LOCAL_LIBRARY_DIR)/Frameworks";
				IPHONEOS_DEPLOYMENT_TARGET = 9.0;
				LD_RUNPATH_SEARCH_PATHS = "$(inherited) @executable_path/Frameworks @loader_path/Frameworks";
				PRODUCT_NAME = "$(TARGET_NAME)";
				SKIP_INSTALL = YES;
				SWIFT_OPTIMIZATION_LEVEL = "-Onone";
				SWIFT_VERSION = 3.0;
			};
			name = Debug;
		};
		ECE5307F1B6DEB18001CF201 /* Release */ = {
			isa = XCBuildConfiguration;
			buildSettings = {
				CLANG_ENABLE_MODULES = YES;
				DEFINES_MODULE = YES;
				DYLIB_COMPATIBILITY_VERSION = 1;
				DYLIB_CURRENT_VERSION = 1;
				DYLIB_INSTALL_NAME_BASE = "@rpath";
				INFOPLIST_FILE = PagingMenuController/Info.plist;
				INSTALL_PATH = "$(LOCAL_LIBRARY_DIR)/Frameworks";
				IPHONEOS_DEPLOYMENT_TARGET = 9.0;
				LD_RUNPATH_SEARCH_PATHS = "$(inherited) @executable_path/Frameworks @loader_path/Frameworks";
				PRODUCT_NAME = "$(TARGET_NAME)";
				SKIP_INSTALL = YES;
				SWIFT_VERSION = 3.0;
			};
			name = Release;
		};
/* End XCBuildConfiguration section */

/* Begin XCConfigurationList section */
		ECE530611B6DEB18001CF201 /* Build configuration list for PBXProject "PagingMenuController" */ = {
			isa = XCConfigurationList;
			buildConfigurations = (
				ECE5307B1B6DEB18001CF201 /* Debug */,
				ECE5307C1B6DEB18001CF201 /* Release */,
			);
			defaultConfigurationIsVisible = 0;
			defaultConfigurationName = Release;
		};
		ECE5307D1B6DEB18001CF201 /* Build configuration list for PBXNativeTarget "PagingMenuController" */ = {
			isa = XCConfigurationList;
			buildConfigurations = (
				ECE5307E1B6DEB18001CF201 /* Debug */,
				ECE5307F1B6DEB18001CF201 /* Release */,
			);
			defaultConfigurationIsVisible = 0;
			defaultConfigurationName = Release;
		};
/* End XCConfigurationList section */
	};
	rootObject = ECE5305E1B6DEB18001CF201 /* Project object */;
}
