// !$*UTF8*$!
{
	archiveVersion = 1;
	classes = {
	};
	objectVersion = 46;
	objects = {

/* Begin PBXBuildFile section */
		707C60E11AFF822100BDAB0B /* AppDelegate.swift in Sources */ = {isa = PBXBuildFile; fileRef = 707C60E01AFF822100BDAB0B /* AppDelegate.swift */; };
		707C60E31AFF822100BDAB0B /* ViewController.swift in Sources */ = {isa = PBXBuildFile; fileRef = 707C60E21AFF822100BDAB0B /* ViewController.swift */; };
		707C60E61AFF822100BDAB0B /* Main.storyboard in Resources */ = {isa = PBXBuildFile; fileRef = 707C60E41AFF822100BDAB0B /* Main.storyboard */; };
		707C60E81AFF822200BDAB0B /* Images.xcassets in Resources */ = {isa = PBXBuildFile; fileRef = 707C60E71AFF822200BDAB0B /* Images.xcassets */; };
		707C60EB1AFF822200BDAB0B /* LaunchScreen.xib in Resources */ = {isa = PBXBuildFile; fileRef = 707C60E91AFF822200BDAB0B /* LaunchScreen.xib */; };
		707C60F71AFF822200BDAB0B /* PagingMenuControllerDemoTests.swift in Sources */ = {isa = PBXBuildFile; fileRef = 707C60F61AFF822200BDAB0B /* PagingMenuControllerDemoTests.swift */; };
/* End PBXBuildFile section */

/* Begin PBXContainerItemProxy section */
		707C60F11AFF822200BDAB0B /* PBXContainerItemProxy */ = {
			isa = PBXContainerItemProxy;
			containerPortal = 707C60D31AFF822100BDAB0B /* Project object */;
			proxyType = 1;
			remoteGlobalIDString = 707C60DA1AFF822100BDAB0B;
			remoteInfo = PagingMenuControllerDemo;
		};
/* End PBXContainerItemProxy section */

/* Begin PBXFileReference section */
		707C60DB1AFF822100BDAB0B /* PagingMenuControllerDemo.app */ = {isa = PBXFileReference; explicitFileType = wrapper.application; includeInIndex = 0; path = PagingMenuControllerDemo.app; sourceTree = BUILT_PRODUCTS_DIR; };
		707C60DF1AFF822100BDAB0B /* Info.plist */ = {isa = PBXFileReference; lastKnownFileType = text.plist.xml; path = Info.plist; sourceTree = "<group>"; };
		707C60E01AFF822100BDAB0B /* AppDelegate.swift */ = {isa = PBXFileReference; lastKnownFileType = sourcecode.swift; path = AppDelegate.swift; sourceTree = "<group>"; };
		707C60E21AFF822100BDAB0B /* ViewController.swift */ = {isa = PBXFileReference; lastKnownFileType = sourcecode.swift; path = ViewController.swift; sourceTree = "<group>"; };
		707C60E51AFF822100BDAB0B /* Base */ = {isa = PBXFileReference; lastKnownFileType = file.storyboard; name = Base; path = Base.lproj/Main.storyboard; sourceTree = "<group>"; };
		707C60E71AFF822200BDAB0B /* Images.xcassets */ = {isa = PBXFileReference; lastKnownFileType = folder.assetcatalog; path = Images.xcassets; sourceTree = "<group>"; };
		707C60EA1AFF822200BDAB0B /* Base */ = {isa = PBXFileReference; lastKnownFileType = file.xib; name = Base; path = Base.lproj/LaunchScreen.xib; sourceTree = "<group>"; };
		707C60F01AFF822200BDAB0B /* PagingMenuControllerDemoTests.xctest */ = {isa = PBXFileReference; explicitFileType = wrapper.cfbundle; includeInIndex = 0; path = PagingMenuControllerDemoTests.xctest; sourceTree = BUILT_PRODUCTS_DIR; };
		707C60F51AFF822200BDAB0B /* Info.plist */ = {isa = PBXFileReference; lastKnownFileType = text.plist.xml; path = Info.plist; sourceTree = "<group>"; };
		707C60F61AFF822200BDAB0B /* PagingMenuControllerDemoTests.swift */ = {isa = PBXFileReference; lastKnownFileType = sourcecode.swift; path = PagingMenuControllerDemoTests.swift; sourceTree = "<group>"; };
/* End PBXFileReference section */

/* Begin PBXFrameworksBuildPhase section */
		707C60D81AFF822100BDAB0B /* Frameworks */ = {
			isa = PBXFrameworksBuildPhase;
			buildActionMask = 2147483647;
			files = (
			);
			runOnlyForDeploymentPostprocessing = 0;
		};
		707C60ED1AFF822200BDAB0B /* Frameworks */ = {
			isa = PBXFrameworksBuildPhase;
			buildActionMask = 2147483647;
			files = (
			);
			runOnlyForDeploymentPostprocessing = 0;
		};
/* End PBXFrameworksBuildPhase section */

/* Begin PBXGroup section */
		707C60D21AFF822100BDAB0B = {
			isa = PBXGroup;
			children = (
				707C60DD1AFF822100BDAB0B /* PagingMenuControllerDemo */,
				707C60F31AFF822200BDAB0B /* PagingMenuControllerDemoTests */,
				707C60DC1AFF822100BDAB0B /* Products */,
			);
			sourceTree = "<group>";
		};
		707C60DC1AFF822100BDAB0B /* Products */ = {
			isa = PBXGroup;
			children = (
				707C60DB1AFF822100BDAB0B /* PagingMenuControllerDemo.app */,
				707C60F01AFF822200BDAB0B /* PagingMenuControllerDemoTests.xctest */,
			);
			name = Products;
			sourceTree = "<group>";
		};
		707C60DD1AFF822100BDAB0B /* PagingMenuControllerDemo */ = {
			isa = PBXGroup;
			children = (
				707C60E01AFF822100BDAB0B /* AppDelegate.swift */,
				707C60E21AFF822100BDAB0B /* ViewController.swift */,
				707C60E41AFF822100BDAB0B /* Main.storyboard */,
				707C60E71AFF822200BDAB0B /* Images.xcassets */,
				707C60E91AFF822200BDAB0B /* LaunchScreen.xib */,
				707C60DE1AFF822100BDAB0B /* Supporting Files */,
			);
			path = PagingMenuControllerDemo;
			sourceTree = "<group>";
		};
		707C60DE1AFF822100BDAB0B /* Supporting Files */ = {
			isa = PBXGroup;
			children = (
				707C60DF1AFF822100BDAB0B /* Info.plist */,
			);
			name = "Supporting Files";
			sourceTree = "<group>";
		};
		707C60F31AFF822200BDAB0B /* PagingMenuControllerDemoTests */ = {
			isa = PBXGroup;
			children = (
				707C60F61AFF822200BDAB0B /* PagingMenuControllerDemoTests.swift */,
				707C60F41AFF822200BDAB0B /* Supporting Files */,
			);
			path = PagingMenuControllerDemoTests;
			sourceTree = "<group>";
		};
		707C60F41AFF822200BDAB0B /* Supporting Files */ = {
			isa = PBXGroup;
			children = (
				707C60F51AFF822200BDAB0B /* Info.plist */,
			);
			name = "Supporting Files";
			sourceTree = "<group>";
		};
/* End PBXGroup section */

/* Begin PBXNativeTarget section */
		707C60DA1AFF822100BDAB0B /* PagingMenuControllerDemo */ = {
			isa = PBXNativeTarget;
			buildConfigurationList = 707C60FA1AFF822200BDAB0B /* Build configuration list for PBXNativeTarget "PagingMenuControllerDemo" */;
			buildPhases = (
				707C60D71AFF822100BDAB0B /* Sources */,
				707C60D81AFF822100BDAB0B /* Frameworks */,
				707C60D91AFF822100BDAB0B /* Resources */,
			);
			buildRules = (
			);
			dependencies = (
			);
			name = PagingMenuControllerDemo;
			productName = PagingMenuControllerDemo;
			productReference = 707C60DB1AFF822100BDAB0B /* PagingMenuControllerDemo.app */;
			productType = "com.apple.product-type.application";
		};
		707C60EF1AFF822200BDAB0B /* PagingMenuControllerDemoTests */ = {
			isa = PBXNativeTarget;
			buildConfigurationList = 707C60FD1AFF822200BDAB0B /* Build configuration list for PBXNativeTarget "PagingMenuControllerDemoTests" */;
			buildPhases = (
				707C60EC1AFF822200BDAB0B /* Sources */,
				707C60ED1AFF822200BDAB0B /* Frameworks */,
				707C60EE1AFF822200BDAB0B /* Resources */,
			);
			buildRules = (
			);
			dependencies = (
				707C60F21AFF822200BDAB0B /* PBXTargetDependency */,
			);
			name = PagingMenuControllerDemoTests;
			productName = PagingMenuControllerDemoTests;
			productReference = 707C60F01AFF822200BDAB0B /* PagingMenuControllerDemoTests.xctest */;
			productType = "com.apple.product-type.bundle.unit-test";
		};
/* End PBXNativeTarget section */

/* Begin PBXProject section */
		707C60D31AFF822100BDAB0B /* Project object */ = {
			isa = PBXProject;
			attributes = {
				LastUpgradeCheck = 0630;
				ORGANIZATIONNAME = kitasuke;
				TargetAttributes = {
					707C60DA1AFF822100BDAB0B = {
						CreatedOnToolsVersion = 6.3.1;
					};
					707C60EF1AFF822200BDAB0B = {
						CreatedOnToolsVersion = 6.3.1;
						TestTargetID = 707C60DA1AFF822100BDAB0B;
					};
				};
			};
			buildConfigurationList = 707C60D61AFF822100BDAB0B /* Build configuration list for PBXProject "PagingMenuControllerDemo" */;
			compatibilityVersion = "Xcode 3.2";
			developmentRegion = English;
			hasScannedForEncodings = 0;
			knownRegions = (
				en,
				Base,
			);
			mainGroup = 707C60D21AFF822100BDAB0B;
			productRefGroup = 707C60DC1AFF822100BDAB0B /* Products */;
			projectDirPath = "";
			projectRoot = "";
			targets = (
				707C60DA1AFF822100BDAB0B /* PagingMenuControllerDemo */,
				707C60EF1AFF822200BDAB0B /* PagingMenuControllerDemoTests */,
			);
		};
/* End PBXProject section */

/* Begin PBXResourcesBuildPhase section */
		707C60D91AFF822100BDAB0B /* Resources */ = {
			isa = PBXResourcesBuildPhase;
			buildActionMask = 2147483647;
			files = (
				707C60E61AFF822100BDAB0B /* Main.storyboard in Resources */,
				707C60EB1AFF822200BDAB0B /* LaunchScreen.xib in Resources */,
				707C60E81AFF822200BDAB0B /* Images.xcassets in Resources */,
			);
			runOnlyForDeploymentPostprocessing = 0;
		};
		707C60EE1AFF822200BDAB0B /* Resources */ = {
			isa = PBXResourcesBuildPhase;
			buildActionMask = 2147483647;
			files = (
			);
			runOnlyForDeploymentPostprocessing = 0;
		};
/* End PBXResourcesBuildPhase section */

/* Begin PBXSourcesBuildPhase section */
		707C60D71AFF822100BDAB0B /* Sources */ = {
			isa = PBXSourcesBuildPhase;
			buildActionMask = 2147483647;
			files = (
				707C60E31AFF822100BDAB0B /* ViewController.swift in Sources */,
				707C60E11AFF822100BDAB0B /* AppDelegate.swift in Sources */,
			);
			runOnlyForDeploymentPostprocessing = 0;
		};
		707C60EC1AFF822200BDAB0B /* Sources */ = {
			isa = PBXSourcesBuildPhase;
			buildActionMask = 2147483647;
			files = (
				707C60F71AFF822200BDAB0B /* PagingMenuControllerDemoTests.swift in Sources */,
			);
			runOnlyForDeploymentPostprocessing = 0;
		};
/* End PBXSourcesBuildPhase section */

/* Begin PBXTargetDependency section */
		707C60F21AFF822200BDAB0B /* PBXTargetDependency */ = {
			isa = PBXTargetDependency;
			target = 707C60DA1AFF822100BDAB0B /* PagingMenuControllerDemo */;
			targetProxy = 707C60F11AFF822200BDAB0B /* PBXContainerItemProxy */;
		};
/* End PBXTargetDependency section */

/* Begin PBXVariantGroup section */
		707C60E41AFF822100BDAB0B /* Main.storyboard */ = {
			isa = PBXVariantGroup;
			children = (
				707C60E51AFF822100BDAB0B /* Base */,
			);
			name = Main.storyboard;
			sourceTree = "<group>";
		};
		707C60E91AFF822200BDAB0B /* LaunchScreen.xib */ = {
			isa = PBXVariantGroup;
			children = (
				707C60EA1AFF822200BDAB0B /* Base */,
			);
			name = LaunchScreen.xib;
			sourceTree = "<group>";
		};
/* End PBXVariantGroup section */

/* Begin XCBuildConfiguration section */
		707C60F81AFF822200BDAB0B /* Debug */ = {
			isa = XCBuildConfiguration;
			buildSettings = {
				ALWAYS_SEARCH_USER_PATHS = NO;
				CLANG_CXX_LANGUAGE_STANDARD = "gnu++0x";
				CLANG_CXX_LIBRARY = "libc++";
				CLANG_ENABLE_MODULES = YES;
				CLANG_ENABLE_OBJC_ARC = YES;
				CLANG_WARN_BOOL_CONVERSION = YES;
				CLANG_WARN_CONSTANT_CONVERSION = YES;
				CLANG_WARN_DIRECT_OBJC_ISA_USAGE = YES_ERROR;
				CLANG_WARN_EMPTY_BODY = YES;
				CLANG_WARN_ENUM_CONVERSION = YES;
				CLANG_WARN_INT_CONVERSION = YES;
				CLANG_WARN_OBJC_ROOT_CLASS = YES_ERROR;
				CLANG_WARN_UNREACHABLE_CODE = YES;
				CLANG_WARN__DUPLICATE_METHOD_MATCH = YES;
				"CODE_SIGN_IDENTITY[sdk=iphoneos*]" = "iPhone Developer";
				COPY_PHASE_STRIP = NO;
				DEBUG_INFORMATION_FORMAT = "dwarf-with-dsym";
				ENABLE_STRICT_OBJC_MSGSEND = YES;
				GCC_C_LANGUAGE_STANDARD = gnu99;
				GCC_DYNAMIC_NO_PIC = NO;
				GCC_NO_COMMON_BLOCKS = YES;
				GCC_OPTIMIZATION_LEVEL = 0;
				GCC_PREPROCESSOR_DEFINITIONS = (
					"DEBUG=1",
					"$(inherited)",
				);
				GCC_SYMBOLS_PRIVATE_EXTERN = NO;
				GCC_WARN_64_TO_32_BIT_CONVERSION = YES;
				GCC_WARN_ABOUT_RETURN_TYPE = YES_ERROR;
				GCC_WARN_UNDECLARED_SELECTOR = YES;
				GCC_WARN_UNINITIALIZED_AUTOS = YES_AGGRESSIVE;
				GCC_WARN_UNUSED_FUNCTION = YES;
				GCC_WARN_UNUSED_VARIABLE = YES;
				IPHONEOS_DEPLOYMENT_TARGET = 8.3;
				MTL_ENABLE_DEBUG_INFO = YES;
				ONLY_ACTIVE_ARCH = YES;
				SDKROOT = iphoneos;
				SWIFT_OPTIMIZATION_LEVEL = "-Onone";
			};
			name = Debug;
		};
		707C60F91AFF822200BDAB0B /* Release */ = {
			isa = XCBuildConfiguration;
			buildSettings = {
				ALWAYS_SEARCH_USER_PATHS = NO;
				CLANG_CXX_LANGUAGE_STANDARD = "gnu++0x";
				CLANG_CXX_LIBRARY = "libc++";
				CLANG_ENABLE_MODULES = YES;
				CLANG_ENABLE_OBJC_ARC = YES;
				CLANG_WARN_BOOL_CONVERSION = YES;
				CLANG_WARN_CONSTANT_CONVERSION = YES;
				CLANG_WARN_DIRECT_OBJC_ISA_USAGE = YES_ERROR;
				CLANG_WARN_EMPTY_BODY = YES;
				CLANG_WARN_ENUM_CONVERSION = YES;
				CLANG_WARN_INT_CONVERSION = YES;
				CLANG_WARN_OBJC_ROOT_CLASS = YES_ERROR;
				CLANG_WARN_UNREACHABLE_CODE = YES;
				CLANG_WARN__DUPLICATE_METHOD_MATCH = YES;
				"CODE_SIGN_IDENTITY[sdk=iphoneos*]" = "iPhone Developer";
				COPY_PHASE_STRIP = NO;
				DEBUG_INFORMATION_FORMAT = "dwarf-with-dsym";
				ENABLE_NS_ASSERTIONS = NO;
				ENABLE_STRICT_OBJC_MSGSEND = YES;
				GCC_C_LANGUAGE_STANDARD = gnu99;
				GCC_NO_COMMON_BLOCKS = YES;
				GCC_WARN_64_TO_32_BIT_CONVERSION = YES;
				GCC_WARN_ABOUT_RETURN_TYPE = YES_ERROR;
				GCC_WARN_UNDECLARED_SELECTOR = YES;
				GCC_WARN_UNINITIALIZED_AUTOS = YES_AGGRESSIVE;
				GCC_WARN_UNUSED_FUNCTION = YES;
				GCC_WARN_UNUSED_VARIABLE = YES;
				IPHONEOS_DEPLOYMENT_TARGET = 8.3;
				MTL_ENABLE_DEBUG_INFO = NO;
				SDKROOT = iphoneos;
				VALIDATE_PRODUCT = YES;
			};
			name = Release;
		};
		707C60FB1AFF822200BDAB0B /* Debug */ = {
			isa = XCBuildConfiguration;
			buildSettings = {
				ASSETCATALOG_COMPILER_APPICON_NAME = AppIcon;
				INFOPLIST_FILE = PagingMenuControllerDemo/Info.plist;
				LD_RUNPATH_SEARCH_PATHS = "$(inherited) @executable_path/Frameworks";
				PRODUCT_NAME = "$(TARGET_NAME)";
			};
			name = Debug;
		};
		707C60FC1AFF822200BDAB0B /* Release */ = {
			isa = XCBuildConfiguration;
			buildSettings = {
				ASSETCATALOG_COMPILER_APPICON_NAME = AppIcon;
				INFOPLIST_FILE = PagingMenuControllerDemo/Info.plist;
				LD_RUNPATH_SEARCH_PATHS = "$(inherited) @executable_path/Frameworks";
				PRODUCT_NAME = "$(TARGET_NAME)";
			};
			name = Release;
		};
		707C60FE1AFF822200BDAB0B /* Debug */ = {
			isa = XCBuildConfiguration;
			buildSettings = {
				BUNDLE_LOADER = "$(TEST_HOST)";
				FRAMEWORK_SEARCH_PATHS = (
					"$(SDKROOT)/Developer/Library/Frameworks",
					"$(inherited)",
				);
				GCC_PREPROCESSOR_DEFINITIONS = (
					"DEBUG=1",
					"$(inherited)",
				);
				INFOPLIST_FILE = PagingMenuControllerDemoTests/Info.plist;
				LD_RUNPATH_SEARCH_PATHS = "$(inherited) @executable_path/Frameworks @loader_path/Frameworks";
				PRODUCT_NAME = "$(TARGET_NAME)";
				TEST_HOST = "$(BUILT_PRODUCTS_DIR)/PagingMenuControllerDemo.app/PagingMenuControllerDemo";
			};
			name = Debug;
		};
		707C60FF1AFF822200BDAB0B /* Release */ = {
			isa = XCBuildConfiguration;
			buildSettings = {
				BUNDLE_LOADER = "$(TEST_HOST)";
				FRAMEWORK_SEARCH_PATHS = (
					"$(SDKROOT)/Developer/Library/Frameworks",
					"$(inherited)",
				);
				INFOPLIST_FILE = PagingMenuControllerDemoTests/Info.plist;
				LD_RUNPATH_SEARCH_PATHS = "$(inherited) @executable_path/Frameworks @loader_path/Frameworks";
				PRODUCT_NAME = "$(TARGET_NAME)";
				TEST_HOST = "$(BUILT_PRODUCTS_DIR)/PagingMenuControllerDemo.app/PagingMenuControllerDemo";
			};
			name = Release;
		};
/* End XCBuildConfiguration section */

/* Begin XCConfigurationList section */
		707C60D61AFF822100BDAB0B /* Build configuration list for PBXProject "PagingMenuControllerDemo" */ = {
			isa = XCConfigurationList;
			buildConfigurations = (
				707C60F81AFF822200BDAB0B /* Debug */,
				707C60F91AFF822200BDAB0B /* Release */,
			);
			defaultConfigurationIsVisible = 0;
			defaultConfigurationName = Release;
		};
		707C60FA1AFF822200BDAB0B /* Build configuration list for PBXNativeTarget "PagingMenuControllerDemo" */ = {
			isa = XCConfigurationList;
			buildConfigurations = (
				707C60FB1AFF822200BDAB0B /* Debug */,
				707C60FC1AFF822200BDAB0B /* Release */,
			);
			defaultConfigurationIsVisible = 0;
		};
		707C60FD1AFF822200BDAB0B /* Build configuration list for PBXNativeTarget "PagingMenuControllerDemoTests" */ = {
			isa = XCConfigurationList;
			buildConfigurations = (
				707C60FE1AFF822200BDAB0B /* Debug */,
				707C60FF1AFF822200BDAB0B /* Release */,
			);
			defaultConfigurationIsVisible = 0;
		};
/* End XCConfigurationList section */
	};
	rootObject = 707C60D31AFF822100BDAB0B /* Project object */;
}
